# THIS IS AN AUTOGENERATED FILE. DO NOT EDIT THIS FILE DIRECTLY.
# yarn lockfile v1


"@react-navigation/core@^5.3.3":
  version "5.3.3"
  resolved "https://registry.yarnpkg.com/@react-navigation/core/-/core-5.3.3.tgz#0e8f174193ac10a163b74c68a5ea83a507908db9"
  dependencies:
    "@react-navigation/routers" "^5.3.0"
    escape-string-regexp "^2.0.0"
    nanoid "^3.0.2"
    query-string "^6.12.0"
    react-is "^16.13.0"
    use-subscription "^1.4.0"

"@react-navigation/native@^5.1.5":
  version "5.1.5"
  resolved "https://registry.yarnpkg.com/@react-navigation/native/-/native-5.1.5.tgz#d07c461c583f98bdc94769f58bdcacfa28e11032"
  dependencies:
    "@react-navigation/core" "^5.3.3"

"@react-navigation/routers@^5.3.0":
  version "5.3.0"
  resolved "https://registry.yarnpkg.com/@react-navigation/routers/-/routers-5.3.0.tgz#c32cff9f74e26b127b70086b70744ffe9cd658fd"
  dependencies:
    nanoid "^3.0.2"

decode-uri-component@^0.2.0:
  version "0.2.0"
  resolved "https://registry.yarnpkg.com/decode-uri-component/-/decode-uri-component-0.2.0.tgz#eb3913333458775cb84cd1a1fae062106bb87545"

escape-string-regexp@^2.0.0:
  version "2.0.0"
  resolved "https://registry.yarnpkg.com/escape-string-regexp/-/escape-string-regexp-2.0.0.tgz#a30304e99daa32e23b2fd20f51babd07cffca344"

nanoid@^3.0.2:
  version "3.1.3"
  resolved "https://registry.yarnpkg.com/nanoid/-/nanoid-3.1.3.tgz#b2bcfcfda4b4d6838bc22a0c8dd3c0a17a204c20"

object-assign@^4.1.1:
  version "4.1.1"
  resolved "https://registry.yarnpkg.com/object-assign/-/object-assign-4.1.1.tgz#2109adc7965887cfc05cbbd442cac8bfbb360863"

query-string@^6.12.0:
  version "6.12.0"
  resolved "https://registry.yarnpkg.com/query-string/-/query-string-6.12.0.tgz#fa0fe5b3ddf4d040d1236b80672949ab33d5cf80"
  dependencies:
    decode-uri-component "^0.2.0"
    split-on-first "^1.0.0"
    strict-uri-encode "^2.0.0"

react-is@^16.13.0:
  version "16.13.1"
  resolved "https://registry.yarnpkg.com/react-is/-/react-is-16.13.1.tgz#789729a4dc36de2999dc156dd6c1d9c18cea56a4"

split-on-first@^1.0.0:
  version "1.1.0"
  resolved "https://registry.yarnpkg.com/split-on-first/-/split-on-first-1.1.0.tgz#f610afeee3b12bce1d0c30425e76398b78249a5f"

strict-uri-encode@^2.0.0:
  version "2.0.0"
  resolved "https://registry.yarnpkg.com/strict-uri-encode/-/strict-uri-encode-2.0.0.tgz#b9c7330c7042862f6b142dc274bbcc5866ce3546"

use-subscription@^1.4.0:
  version "1.4.1"
  resolved "https://registry.yarnpkg.com/use-subscription/-/use-subscription-1.4.1.tgz#edcbcc220f1adb2dd4fa0b2f61b6cc308e620069"
  dependencies:
    object-assign "^4.1.1"
